
Microsoft Visual Studio Solution File, Format Version 12.00
# Visual Studio Version 17
VisualStudioVersion = 17.10.35122.118
MinimumVisualStudioVersion = 10.0.40219.1
Project("{FAE04EC0-301F-11D3-BF4B-00C04F79EFBC}") = "C# UDP String Listener", "C# UDP String Listener\C# UDP String Listener.csproj", "{38947DE0-B18F-48A4-9EEF-E1856C30E190}"
EndProject
Global
	GlobalSection(SolutionConfigurationPlatforms) = preSolution
		Debug|Any CPU = Debug|Any CPU
		Release|Any CPU = Release|Any CPU
	EndGlobalSection
	GlobalSection(ProjectConfigurationPlatforms) = postSolution
		{38947DE0-B18F-48A4-9EEF-E1856C30E190}.Debug|Any CPU.ActiveCfg = Debug|Any CPU
		{38947DE0-B18F-48A4-9EEF-E1856C30E190}.Debug|Any CPU.Build.0 = Debug|Any CPU
		{38947DE0-B18F-48A4-9EEF-E1856C30E190}.Release|Any CPU.ActiveCfg = Release|Any CPU
		{38947DE0-B18F-48A4-9EEF-E1856C30E190}.Release|Any CPU.Build.0 = Release|Any CPU
	EndGlobalSection
	GlobalSection(SolutionProperties) = preSolution
		HideSolutionNode = FALSE
	EndGlobalSection
	GlobalSection(ExtensibilityGlobals) = postSolution
		SolutionGuid = {11BB428E-CC82-45D2-A1AF-ADCACC315B06}
	EndGlobalSection
EndGlobal
